// !$*UTF8*$!
{
	archiveVersion = 1;
	classes = {
	};
	objectVersion = 46;
	objects = {

/* Begin PBXBuildFile section */
		B7B56ECB1E2A469B00CFB7EB /* DragableTextField.m in Sources */ = {isa = PBXBuildFile; fileRef = B7B56ECA1E2A469B00CFB7EB /* DragableTextField.m */; };
		B7D7895D1DFB04590090134D /* AppDelegate.m in Sources */ = {isa = PBXBuildFile; fileRef = B7D7895C1DFB04590090134D /* AppDelegate.m */; };
		B7D789601DFB04590090134D /* main.m in Sources */ = {isa = PBXBuildFile; fileRef = B7D7895F1DFB04590090134D /* main.m */; };
		B7D789621DFB04590090134D /* Assets.xcassets in Resources */ = {isa = PBXBuildFile; fileRef = B7D789611DFB04590090134D /* Assets.xcassets */; };
		B7D789651DFB04590090134D /* MainMenu.xib in Resources */ = {isa = PBXBuildFile; fileRef = B7D789631DFB04590090134D /* MainMenu.xib */; };
		B7D7896E1DFB09380090134D /* Controller.m in Sources */ = {isa = PBXBuildFile; fileRef = B7D7896D1DFB09380090134D /* Controller.m */; };
		B7E8C4F51E1FF05200EE5CFE /* STPrivilegedTask.m in Sources */ = {isa = PBXBuildFile; fileRef = B7E8C4F41E1FF05200EE5CFE /* STPrivilegedTask.m */; };
/* End PBXBuildFile section */

/* Begin PBXFileReference section */
		B7B56EC91E2A469B00CFB7EB /* DragableTextField.h */ = {isa = PBXFileReference; fileEncoding = 4; lastKnownFileType = sourcecode.c.h; path = DragableTextField.h; sourceTree = "<group>"; };
		B7B56ECA1E2A469B00CFB7EB /* DragableTextField.m */ = {isa = PBXFileReference; fileEncoding = 4; lastKnownFileType = sourcecode.c.objc; path = DragableTextField.m; sourceTree = "<group>"; };
		B7D789581DFB04590090134D /* Dut Mac Home Tool.app */ = {isa = PBXFileReference; explicitFileType = wrapper.application; includeInIndex = 0; path = "Dut Mac Home Tool.app"; sourceTree = BUILT_PRODUCTS_DIR; };
		B7D7895B1DFB04590090134D /* AppDelegate.h */ = {isa = PBXFileReference; lastKnownFileType = sourcecode.c.h; path = AppDelegate.h; sourceTree = "<group>"; };
		B7D7895C1DFB04590090134D /* AppDelegate.m */ = {isa = PBXFileReference; lastKnownFileType = sourcecode.c.objc; path = AppDelegate.m; sourceTree = "<group>"; };
		B7D7895F1DFB04590090134D /* main.m */ = {isa = PBXFileReference; lastKnownFileType = sourcecode.c.objc; path = main.m; sourceTree = "<group>"; };
		B7D789611DFB04590090134D /* Assets.xcassets */ = {isa = PBXFileReference; lastKnownFileType = folder.assetcatalog; path = Assets.xcassets; sourceTree = "<group>"; };
		B7D789641DFB04590090134D /* Base */ = {isa = PBXFileReference; lastKnownFileType = file.xib; name = Base; path = Base.lproj/MainMenu.xib; sourceTree = "<group>"; };
		B7D789661DFB04590090134D /* Info.plist */ = {isa = PBXFileReference; lastKnownFileType = text.plist.xml; path = Info.plist; sourceTree = "<group>"; };
		B7D7896C1DFB09380090134D /* Controller.h */ = {isa = PBXFileReference; fileEncoding = 4; lastKnownFileType = sourcecode.c.h; path = Controller.h; sourceTree = "<group>"; };
		B7D7896D1DFB09380090134D /* Controller.m */ = {isa = PBXFileReference; fileEncoding = 4; lastKnownFileType = sourcecode.c.objc; path = Controller.m; sourceTree = "<group>"; };
		B7E8C4F31E1FF05200EE5CFE /* STPrivilegedTask.h */ = {isa = PBXFileReference; fileEncoding = 4; lastKnownFileType = sourcecode.c.h; path = STPrivilegedTask.h; sourceTree = "<group>"; };
		B7E8C4F41E1FF05200EE5CFE /* STPrivilegedTask.m */ = {isa = PBXFileReference; fileEncoding = 4; lastKnownFileType = sourcecode.c.objc; path = STPrivilegedTask.m; sourceTree = "<group>"; };
/* End PBXFileReference section */

/* Begin PBXFrameworksBuildPhase section */
		B7D789551DFB04590090134D /* Frameworks */ = {
			isa = PBXFrameworksBuildPhase;
			buildActionMask = 2147483647;
			files = (
			);
			runOnlyForDeploymentPostprocessing = 0;
		};
/* End PBXFrameworksBuildPhase section */

/* Begin PBXGroup section */
		B7D7894F1DFB04590090134D = {
			isa = PBXGroup;
			children = (
				B7D7895A1DFB04590090134D /* Dut Mac Home Tool */,
				B7D789591DFB04590090134D /* Products */,
			);
			sourceTree = "<group>";
		};
		B7D789591DFB04590090134D /* Products */ = {
			isa = PBXGroup;
			children = (
				B7D789581DFB04590090134D /* Dut Mac Home Tool.app */,
			);
			name = Products;
			sourceTree = "<group>";
		};
		B7D7895A1DFB04590090134D /* Dut Mac Home Tool */ = {
			isa = PBXGroup;
			children = (
				B7E8C4F31E1FF05200EE5CFE /* STPrivilegedTask.h */,
				B7E8C4F41E1FF05200EE5CFE /* STPrivilegedTask.m */,
				B7D7896C1DFB09380090134D /* Controller.h */,
				B7D7896D1DFB09380090134D /* Controller.m */,
				B7B56EC91E2A469B00CFB7EB /* DragableTextField.h */,
				B7B56ECA1E2A469B00CFB7EB /* DragableTextField.m */,
				B7D7895B1DFB04590090134D /* AppDelegate.h */,
				B7D7895C1DFB04590090134D /* AppDelegate.m */,
				B7D789611DFB04590090134D /* Assets.xcassets */,
				B7D789631DFB04590090134D /* MainMenu.xib */,
				B7D789661DFB04590090134D /* Info.plist */,
				B7D7895E1DFB04590090134D /* Supporting Files */,
			);
			path = "Dut Mac Home Tool";
			sourceTree = "<group>";
		};
		B7D7895E1DFB04590090134D /* Supporting Files */ = {
			isa = PBXGroup;
			children = (
				B7D7895F1DFB04590090134D /* main.m */,
			);
			name = "Supporting Files";
			sourceTree = "<group>";
		};
/* End PBXGroup section */

/* Begin PBXNativeTarget section */
		B7D789571DFB04590090134D /* Dut Mac Home Tool */ = {
			isa = PBXNativeTarget;
			buildConfigurationList = B7D789691DFB04590090134D /* Build configuration list for PBXNativeTarget "Dut Mac Home Tool" */;
			buildPhases = (
				B7D789541DFB04590090134D /* Sources */,
				B7D789551DFB04590090134D /* Frameworks */,
				B7D789561DFB04590090134D /* Resources */,
			);
			buildRules = (
			);
			dependencies = (
			);
			name = "Dut Mac Home Tool";
			productName = "Dut Mac Home Tool";
			productReference = B7D789581DFB04590090134D /* Dut Mac Home Tool.app */;
			productType = "com.apple.product-type.application";
		};
/* End PBXNativeTarget section */

/* Begin PBXProject section */
		B7D789501DFB04590090134D /* Project object */ = {
			isa = PBXProject;
			attributes = {
				LastUpgradeCheck = 0810;
				ORGANIZATIONNAME = "何振邦";
				TargetAttributes = {
					B7D789571DFB04590090134D = {
						CreatedOnToolsVersion = 8.1;
						ProvisioningStyle = Automatic;
					};
				};
			};
			buildConfigurationList = B7D789531DFB04590090134D /* Build configuration list for PBXProject "Dut Mac Home Tool" */;
			compatibilityVersion = "Xcode 3.2";
			developmentRegion = English;
			hasScannedForEncodings = 0;
			knownRegions = (
				en,
				Base,
			);
			mainGroup = B7D7894F1DFB04590090134D;
			productRefGroup = B7D789591DFB04590090134D /* Products */;
			projectDirPath = "";
			projectRoot = "";
			targets = (
				B7D789571DFB04590090134D /* Dut Mac Home Tool */,
			);
		};
/* End PBXProject section */

/* Begin PBXResourcesBuildPhase section */
		B7D789561DFB04590090134D /* Resources */ = {
			isa = PBXResourcesBuildPhase;
			buildActionMask = 2147483647;
			files = (
				B7D789621DFB04590090134D /* Assets.xcassets in Resources */,
				B7D789651DFB04590090134D /* MainMenu.xib in Resources */,
			);
			runOnlyForDeploymentPostprocessing = 0;
		};
/* End PBXResourcesBuildPhase section */

/* Begin PBXSourcesBuildPhase section */
		B7D789541DFB04590090134D /* Sources */ = {
			isa = PBXSourcesBuildPhase;
			buildActionMask = 2147483647;
			files = (
				B7D789601DFB04590090134D /* main.m in Sources */,
				B7B56ECB1E2A469B00CFB7EB /* DragableTextField.m in Sources */,
				B7D7895D1DFB04590090134D /* AppDelegate.m in Sources */,
				B7E8C4F51E1FF05200EE5CFE /* STPrivilegedTask.m in Sources */,
				B7D7896E1DFB09380090134D /* Controller.m in Sources */,
			);
			runOnlyForDeploymentPostprocessing = 0;
		};
/* End PBXSourcesBuildPhase section */

/* Begin PBXVariantGroup section */
		B7D789631DFB04590090134D /* MainMenu.xib */ = {
			isa = PBXVariantGroup;
			children = (
				B7D789641DFB04590090134D /* Base */,
			);
			name = MainMenu.xib;
			sourceTree = "<group>";
		};
/* End PBXVariantGroup section */

/* Begin XCBuildConfiguration section */
		B7D789671DFB04590090134D /* Debug */ = {
			isa = XCBuildConfiguration;
			buildSettings = {
				ALWAYS_SEARCH_USER_PATHS = NO;
				CLANG_ANALYZER_NONNULL = YES;
				CLANG_CXX_LANGUAGE_STANDARD = "gnu++0x";
				CLANG_CXX_LIBRARY = "libc++";
				CLANG_ENABLE_MODULES = YES;
				CLANG_ENABLE_OBJC_ARC = YES;
				CLANG_WARN_BOOL_CONVERSION = YES;
				CLANG_WARN_CONSTANT_CONVERSION = YES;
				CLANG_WARN_DIRECT_OBJC_ISA_USAGE = YES_ERROR;
				CLANG_WARN_DOCUMENTATION_COMMENTS = YES;
				CLANG_WARN_EMPTY_BODY = YES;
				CLANG_WARN_ENUM_CONVERSION = YES;
				CLANG_WARN_INFINITE_RECURSION = YES;
				CLANG_WARN_INT_CONVERSION = YES;
				CLANG_WARN_OBJC_ROOT_CLASS = YES_ERROR;
				CLANG_WARN_SUSPICIOUS_MOVES = YES;
				CLANG_WARN_UNREACHABLE_CODE = YES;
				CLANG_WARN__DUPLICATE_METHOD_MATCH = YES;
				CODE_SIGN_IDENTITY = "-";
				COPY_PHASE_STRIP = NO;
				DEBUG_INFORMATION_FORMAT = dwarf;
				ENABLE_STRICT_OBJC_MSGSEND = YES;
				ENABLE_TESTABILITY = YES;
				GCC_C_LANGUAGE_STANDARD = gnu99;
				GCC_DYNAMIC_NO_PIC = NO;
				GCC_NO_COMMON_BLOCKS = YES;
				GCC_OPTIMIZATION_LEVEL = 0;
				GCC_PREPROCESSOR_DEFINITIONS = (
					"DEBUG=1",
					"$(inherited)",
				);
				GCC_WARN_64_TO_32_BIT_CONVERSION = YES;
				GCC_WARN_ABOUT_RETURN_TYPE = YES_ERROR;
				GCC_WARN_UNDECLARED_SELECTOR = YES;
				GCC_WARN_UNINITIALIZED_AUTOS = YES_AGGRESSIVE;
				GCC_WARN_UNUSED_FUNCTION = YES;
				GCC_WARN_UNUSED_VARIABLE = YES;
				MACOSX_DEPLOYMENT_TARGET = 10.11;
				MTL_ENABLE_DEBUG_INFO = YES;
				ONLY_ACTIVE_ARCH = YES;
				SDKROOT = macosx;
			};
			name = Debug;
		};
		B7D789681DFB04590090134D /* Release */ = {
			isa = XCBuildConfiguration;
			buildSettings = {
				ALWAYS_SEARCH_USER_PATHS = NO;
				CLANG_ANALYZER_NONNULL = YES;
				CLANG_CXX_LANGUAGE_STANDARD = "gnu++0x";
				CLANG_CXX_LIBRARY = "libc++";
				CLANG_ENABLE_MODULES = YES;
				CLANG_ENABLE_OBJC_ARC = YES;
				CLANG_WARN_BOOL_CONVERSION = YES;
				CLANG_WARN_CONSTANT_CONVERSION = YES;
				CLANG_WARN_DIRECT_OBJC_ISA_USAGE = YES_ERROR;
				CLANG_WARN_DOCUMENTATION_COMMENTS = YES;
				CLANG_WARN_EMPTY_BODY = YES;
				CLANG_WARN_ENUM_CONVERSION = YES;
				CLANG_WARN_INFINITE_RECURSION = YES;
				CLANG_WARN_INT_CONVERSION = YES;
				CLANG_WARN_OBJC_ROOT_CLASS = YES_ERROR;
				CLANG_WARN_SUSPICIOUS_MOVES = YES;
				CLANG_WARN_UNREACHABLE_CODE = YES;
				CLANG_WARN__DUPLICATE_METHOD_MATCH = YES;
				CODE_SIGN_IDENTITY = "-";
				COPY_PHASE_STRIP = NO;
				DEBUG_INFORMATION_FORMAT = "dwarf-with-dsym";
				ENABLE_NS_ASSERTIONS = NO;
				ENABLE_STRICT_OBJC_MSGSEND = YES;
				GCC_C_LANGUAGE_STANDARD = gnu99;
				GCC_NO_COMMON_BLOCKS = YES;
				GCC_WARN_64_TO_32_BIT_CONVERSION = YES;
				GCC_WARN_ABOUT_RETURN_TYPE = YES_ERROR;
				GCC_WARN_UNDECLARED_SELECTOR = YES;
				GCC_WARN_UNINITIALIZED_AUTOS = YES_AGGRESSIVE;
				GCC_WARN_UNUSED_FUNCTION = YES;
				GCC_WARN_UNUSED_VARIABLE = YES;
				MACOSX_DEPLOYMENT_TARGET = 10.11;
				MTL_ENABLE_DEBUG_INFO = NO;
				SDKROOT = macosx;
			};
			name = Release;
		};
		B7D7896A1DFB04590090134D /* Debug */ = {
			isa = XCBuildConfiguration;
			buildSettings = {
				ASSETCATALOG_COMPILER_APPICON_NAME = AppIcon;
				COMBINE_HIDPI_IMAGES = YES;
				INFOPLIST_FILE = "Dut Mac Home Tool/Info.plist";
				LD_RUNPATH_SEARCH_PATHS = "$(inherited) @executable_path/../Frameworks";
				MACOSX_DEPLOYMENT_TARGET = 10.9;
				PRODUCT_BUNDLE_IDENTIFIER = "Huajige.Inc.Dut-Mac-Home-Tool";
				PRODUCT_NAME = "$(TARGET_NAME)";
			};
			name = Debug;
		};
		B7D7896B1DFB04590090134D /* Release */ = {
			isa = XCBuildConfiguration;
			buildSettings = {
				ASSETCATALOG_COMPILER_APPICON_NAME = AppIcon;
				COMBINE_HIDPI_IMAGES = YES;
				INFOPLIST_FILE = "Dut Mac Home Tool/Info.plist";
				LD_RUNPATH_SEARCH_PATHS = "$(inherited) @executable_path/../Frameworks";
				MACOSX_DEPLOYMENT_TARGET = 10.9;
				PRODUCT_BUNDLE_IDENTIFIER = "Huajige.Inc.Dut-Mac-Home-Tool";
				PRODUCT_NAME = "$(TARGET_NAME)";
			};
			name = Release;
		};
/* End XCBuildConfiguration section */

/* Begin XCConfigurationList section */
		B7D789531DFB04590090134D /* Build configuration list for PBXProject "Dut Mac Home Tool" */ = {
			isa = XCConfigurationList;
			buildConfigurations = (
				B7D789671DFB04590090134D /* Debug */,
				B7D789681DFB04590090134D /* Release */,
			);
			defaultConfigurationIsVisible = 0;
			defaultConfigurationName = Release;
		};
		B7D789691DFB04590090134D /* Build configuration list for PBXNativeTarget "Dut Mac Home Tool" */ = {
			isa = XCConfigurationList;
			buildConfigurations = (
				B7D7896A1DFB04590090134D /* Debug */,
				B7D7896B1DFB04590090134D /* Release */,
			);
			defaultConfigurationIsVisible = 0;
			defaultConfigurationName = Release;
		};
/* End XCConfigurationList section */
	};
	rootObject = B7D789501DFB04590090134D /* Project object */;
}
